
Microsoft Visual Studio Solution File, Format Version 12.00
# Visual Studio Version 16
VisualStudioVersion = 16.0.29926.136
MinimumVisualStudioVersion = 10.0.40219.1
Project("{FAE04EC0-301F-11D3-BF4B-00C04F79EFBC}") = "CalcIt", "CalcIt\CalcIt.csproj", "{521320BC-408C-4D0F-BB69-785EBFF3787B}"
EndProject
Global
	GlobalSection(SolutionConfigurationPlatforms) = preSolution
		Debug|Any CPU = Debug|Any CPU
		Release|Any CPU = Release|Any CPU
	EndGlobalSection
	GlobalSection(ProjectConfigurationPlatforms) = postSolution
		{521320BC-408C-4D0F-BB69-785EBFF3787B}.Debug|Any CPU.ActiveCfg = Debug|Any CPU
		{521320BC-408C-4D0F-BB69-785EBFF3787B}.Debug|Any CPU.Build.0 = Debug|Any CPU
		{521320BC-408C-4D0F-BB69-785EBFF3787B}.Release|Any CPU.ActiveCfg = Release|Any CPU
		{521320BC-408C-4D0F-BB69-785EBFF3787B}.Release|Any CPU.Build.0 = Release|Any CPU
	EndGlobalSection
	GlobalSection(SolutionProperties) = preSolution
		HideSolutionNode = FALSE
	EndGlobalSection
	GlobalSection(ExtensibilityGlobals) = postSolution
		SolutionGuid = {0EF2C16A-8B0E-4A20-A042-BE0997F519C6}
	EndGlobalSection
EndGlobal
